// !$*UTF8*$!
{
	archiveVersion = 1;
	classes = {
	};
	objectVersion = 46;
	objects = {

/* Begin PBXBuildFile section */
		450480031D27E96300844EF4 /* AppDelegate.swift in Sources */ = {isa = PBXBuildFile; fileRef = 450480021D27E96300844EF4 /* AppDelegate.swift */; };
		450480051D27E96300844EF4 /* ViewController.swift in Sources */ = {isa = PBXBuildFile; fileRef = 450480041D27E96300844EF4 /* ViewController.swift */; };
		450480081D27E96300844EF4 /* Main.storyboard in Resources */ = {isa = PBXBuildFile; fileRef = 450480061D27E96300844EF4 /* Main.storyboard */; };
		4504800A1D27E96300844EF4 /* Assets.xcassets in Resources */ = {isa = PBXBuildFile; fileRef = 450480091D27E96300844EF4 /* Assets.xcassets */; };
		4504800D1D27E96300844EF4 /* LaunchScreen.storyboard in Resources */ = {isa = PBXBuildFile; fileRef = 4504800B1D27E96300844EF4 /* LaunchScreen.storyboard */; };
		450480181D27E96300844EF4 /* weeknumTests.swift in Sources */ = {isa = PBXBuildFile; fileRef = 450480171D27E96300844EF4 /* weeknumTests.swift */; };
		4504802A1D27FDC700844EF4 /* Localized.swift in Sources */ = {isa = PBXBuildFile; fileRef = 450480291D27FDC700844EF4 /* Localized.swift */; };
		4504802C1D27FDE400844EF4 /* DateTools.swift in Sources */ = {isa = PBXBuildFile; fileRef = 4504802B1D27FDE400844EF4 /* DateTools.swift */; };
		4504802E1D280DF000844EF4 /* Designables.swift in Sources */ = {isa = PBXBuildFile; fileRef = 4504802D1D280DF000844EF4 /* Designables.swift */; };
		450480311D28178800844EF4 /* DesignableButton.swift in Sources */ = {isa = PBXBuildFile; fileRef = 450480301D28178800844EF4 /* DesignableButton.swift */; };
		450598CF1D293FB000E649F8 /* FormatterUtils.swift in Sources */ = {isa = PBXBuildFile; fileRef = 450598CE1D293FB000E649F8 /* FormatterUtils.swift */; };
		450598D11D294B1C00E649F8 /* FormatterUtils.swift in Sources */ = {isa = PBXBuildFile; fileRef = 450598CE1D293FB000E649F8 /* FormatterUtils.swift */; };
		453BD1CE1D28237F00B572D9 /* Interface.storyboard in Resources */ = {isa = PBXBuildFile; fileRef = 453BD1CC1D28237F00B572D9 /* Interface.storyboard */; };
		453BD1D01D28237F00B572D9 /* Assets.xcassets in Resources */ = {isa = PBXBuildFile; fileRef = 453BD1CF1D28237F00B572D9 /* Assets.xcassets */; };
		453BD1D71D28237F00B572D9 /* watchWeeknum Extension.appex in Embed App Extensions */ = {isa = PBXBuildFile; fileRef = 453BD1D61D28237F00B572D9 /* watchWeeknum Extension.appex */; settings = {ATTRIBUTES = (RemoveHeadersOnCopy, ); }; };
		453BD1DC1D28237F00B572D9 /* InterfaceController.swift in Sources */ = {isa = PBXBuildFile; fileRef = 453BD1DB1D28237F00B572D9 /* InterfaceController.swift */; };
		453BD1DE1D28237F00B572D9 /* ExtensionDelegate.swift in Sources */ = {isa = PBXBuildFile; fileRef = 453BD1DD1D28237F00B572D9 /* ExtensionDelegate.swift */; };
		453BD1E01D28237F00B572D9 /* ComplicationController.swift in Sources */ = {isa = PBXBuildFile; fileRef = 453BD1DF1D28237F00B572D9 /* ComplicationController.swift */; };
		453BD1E21D28237F00B572D9 /* Assets.xcassets in Resources */ = {isa = PBXBuildFile; fileRef = 453BD1E11D28237F00B572D9 /* Assets.xcassets */; };
		453BD1E61D28237F00B572D9 /* watchWeeknum.app in Embed Watch Content */ = {isa = PBXBuildFile; fileRef = 453BD1CA1D28237F00B572D9 /* watchWeeknum.app */; };
		453BD1EF1D28290B00B572D9 /* DateTools.swift in Sources */ = {isa = PBXBuildFile; fileRef = 4504802B1D27FDE400844EF4 /* DateTools.swift */; };
		453BD1F11D282B0F00B572D9 /* Localized.swift in Sources */ = {isa = PBXBuildFile; fileRef = 450480291D27FDC700844EF4 /* Localized.swift */; };
/* End PBXBuildFile section */

/* Begin PBXContainerItemProxy section */
		450480141D27E96300844EF4 /* PBXContainerItemProxy */ = {
			isa = PBXContainerItemProxy;
			containerPortal = 45047FF71D27E96200844EF4 /* Project object */;
			proxyType = 1;
			remoteGlobalIDString = 45047FFE1D27E96300844EF4;
			remoteInfo = weeknum;
		};
		453BD1D81D28237F00B572D9 /* PBXContainerItemProxy */ = {
			isa = PBXContainerItemProxy;
			containerPortal = 45047FF71D27E96200844EF4 /* Project object */;
			proxyType = 1;
			remoteGlobalIDString = 453BD1D51D28237F00B572D9;
			remoteInfo = "watchWeeknum Extension";
		};
		453BD1E41D28237F00B572D9 /* PBXContainerItemProxy */ = {
			isa = PBXContainerItemProxy;
			containerPortal = 45047FF71D27E96200844EF4 /* Project object */;
			proxyType = 1;
			remoteGlobalIDString = 453BD1C91D28237F00B572D9;
			remoteInfo = watchWeeknum;
		};
/* End PBXContainerItemProxy section */

/* Begin PBXCopyFilesBuildPhase section */
		453BD1EC1D28237F00B572D9 /* Embed App Extensions */ = {
			isa = PBXCopyFilesBuildPhase;
			buildActionMask = 2147483647;
			dstPath = "";
			dstSubfolderSpec = 13;
			files = (
				453BD1D71D28237F00B572D9 /* watchWeeknum Extension.appex in Embed App Extensions */,
			);
			name = "Embed App Extensions";
			runOnlyForDeploymentPostprocessing = 0;
		};
		453BD1EE1D28237F00B572D9 /* Embed Watch Content */ = {
			isa = PBXCopyFilesBuildPhase;
			buildActionMask = 2147483647;
			dstPath = "$(CONTENTS_FOLDER_PATH)/Watch";
			dstSubfolderSpec = 16;
			files = (
				453BD1E61D28237F00B572D9 /* watchWeeknum.app in Embed Watch Content */,
			);
			name = "Embed Watch Content";
			runOnlyForDeploymentPostprocessing = 0;
		};
/* End PBXCopyFilesBuildPhase section */

/* Begin PBXFileReference section */
		45047FFF1D27E96300844EF4 /* Week#.app */ = {isa = PBXFileReference; explicitFileType = wrapper.application; includeInIndex = 0; path = "Week#.app"; sourceTree = BUILT_PRODUCTS_DIR; };
		450480021D27E96300844EF4 /* AppDelegate.swift */ = {isa = PBXFileReference; lastKnownFileType = sourcecode.swift; path = AppDelegate.swift; sourceTree = "<group>"; };
		450480041D27E96300844EF4 /* ViewController.swift */ = {isa = PBXFileReference; lastKnownFileType = sourcecode.swift; path = ViewController.swift; sourceTree = "<group>"; };
		450480071D27E96300844EF4 /* Base */ = {isa = PBXFileReference; lastKnownFileType = file.storyboard; name = Base; path = Base.lproj/Main.storyboard; sourceTree = "<group>"; };
		450480091D27E96300844EF4 /* Assets.xcassets */ = {isa = PBXFileReference; lastKnownFileType = folder.assetcatalog; path = Assets.xcassets; sourceTree = "<group>"; };
		4504800C1D27E96300844EF4 /* Base */ = {isa = PBXFileReference; lastKnownFileType = file.storyboard; name = Base; path = Base.lproj/LaunchScreen.storyboard; sourceTree = "<group>"; };
		4504800E1D27E96300844EF4 /* Info.plist */ = {isa = PBXFileReference; lastKnownFileType = text.plist.xml; path = Info.plist; sourceTree = "<group>"; };
		450480131D27E96300844EF4 /* weeknumTests.xctest */ = {isa = PBXFileReference; explicitFileType = wrapper.cfbundle; includeInIndex = 0; path = weeknumTests.xctest; sourceTree = BUILT_PRODUCTS_DIR; };
		450480171D27E96300844EF4 /* weeknumTests.swift */ = {isa = PBXFileReference; lastKnownFileType = sourcecode.swift; path = weeknumTests.swift; sourceTree = "<group>"; };
		450480191D27E96300844EF4 /* Info.plist */ = {isa = PBXFileReference; lastKnownFileType = text.plist.xml; path = Info.plist; sourceTree = "<group>"; };
		450480291D27FDC700844EF4 /* Localized.swift */ = {isa = PBXFileReference; fileEncoding = 4; lastKnownFileType = sourcecode.swift; name = Localized.swift; path = Extensions/Localized.swift; sourceTree = "<group>"; };
		4504802B1D27FDE400844EF4 /* DateTools.swift */ = {isa = PBXFileReference; fileEncoding = 4; lastKnownFileType = sourcecode.swift; name = DateTools.swift; path = Extensions/DateTools.swift; sourceTree = "<group>"; };
		4504802D1D280DF000844EF4 /* Designables.swift */ = {isa = PBXFileReference; fileEncoding = 4; lastKnownFileType = sourcecode.swift; path = Designables.swift; sourceTree = "<group>"; };
		450480301D28178800844EF4 /* DesignableButton.swift */ = {isa = PBXFileReference; fileEncoding = 4; lastKnownFileType = sourcecode.swift; name = DesignableButton.swift; path = Views/DesignableButton.swift; sourceTree = "<group>"; };
		450598CE1D293FB000E649F8 /* FormatterUtils.swift */ = {isa = PBXFileReference; fileEncoding = 4; lastKnownFileType = sourcecode.swift; name = FormatterUtils.swift; path = Utils/FormatterUtils.swift; sourceTree = "<group>"; };
		453BD1CA1D28237F00B572D9 /* watchWeeknum.app */ = {isa = PBXFileReference; explicitFileType = wrapper.application; includeInIndex = 0; path = watchWeeknum.app; sourceTree = BUILT_PRODUCTS_DIR; };
		453BD1CD1D28237F00B572D9 /* Base */ = {isa = PBXFileReference; lastKnownFileType = file.storyboard; name = Base; path = Base.lproj/Interface.storyboard; sourceTree = "<group>"; };
		453BD1CF1D28237F00B572D9 /* Assets.xcassets */ = {isa = PBXFileReference; lastKnownFileType = folder.assetcatalog; path = Assets.xcassets; sourceTree = "<group>"; };
		453BD1D11D28237F00B572D9 /* Info.plist */ = {isa = PBXFileReference; lastKnownFileType = text.plist.xml; path = Info.plist; sourceTree = "<group>"; };
		453BD1D61D28237F00B572D9 /* watchWeeknum Extension.appex */ = {isa = PBXFileReference; explicitFileType = "wrapper.app-extension"; includeInIndex = 0; path = "watchWeeknum Extension.appex"; sourceTree = BUILT_PRODUCTS_DIR; };
		453BD1DB1D28237F00B572D9 /* InterfaceController.swift */ = {isa = PBXFileReference; lastKnownFileType = sourcecode.swift; path = InterfaceController.swift; sourceTree = "<group>"; };
		453BD1DD1D28237F00B572D9 /* ExtensionDelegate.swift */ = {isa = PBXFileReference; lastKnownFileType = sourcecode.swift; path = ExtensionDelegate.swift; sourceTree = "<group>"; };
		453BD1DF1D28237F00B572D9 /* ComplicationController.swift */ = {isa = PBXFileReference; lastKnownFileType = sourcecode.swift; path = ComplicationController.swift; sourceTree = "<group>"; };
		453BD1E11D28237F00B572D9 /* Assets.xcassets */ = {isa = PBXFileReference; lastKnownFileType = folder.assetcatalog; path = Assets.xcassets; sourceTree = "<group>"; };
		453BD1E31D28237F00B572D9 /* Info.plist */ = {isa = PBXFileReference; lastKnownFileType = text.plist.xml; path = Info.plist; sourceTree = "<group>"; };
/* End PBXFileReference section */

/* Begin PBXFrameworksBuildPhase section */
		45047FFC1D27E96300844EF4 /* Frameworks */ = {
			isa = PBXFrameworksBuildPhase;
			buildActionMask = 2147483647;
			files = (
			);
			runOnlyForDeploymentPostprocessing = 0;
		};
		450480101D27E96300844EF4 /* Frameworks */ = {
			isa = PBXFrameworksBuildPhase;
			buildActionMask = 2147483647;
			files = (
			);
			runOnlyForDeploymentPostprocessing = 0;
		};
		453BD1D31D28237F00B572D9 /* Frameworks */ = {
			isa = PBXFrameworksBuildPhase;
			buildActionMask = 2147483647;
			files = (
			);
			runOnlyForDeploymentPostprocessing = 0;
		};
/* End PBXFrameworksBuildPhase section */

/* Begin PBXGroup section */
		45047FF61D27E96200844EF4 = {
			isa = PBXGroup;
			children = (
				450480011D27E96300844EF4 /* weeknum */,
				450480161D27E96300844EF4 /* weeknumTests */,
				453BD1CB1D28237F00B572D9 /* watchWeeknum */,
				453BD1DA1D28237F00B572D9 /* watchWeeknum Extension */,
				450480001D27E96300844EF4 /* Products */,
			);
			sourceTree = "<group>";
		};
		450480001D27E96300844EF4 /* Products */ = {
			isa = PBXGroup;
			children = (
				45047FFF1D27E96300844EF4 /* Week#.app */,
				450480131D27E96300844EF4 /* weeknumTests.xctest */,
				453BD1CA1D28237F00B572D9 /* watchWeeknum.app */,
				453BD1D61D28237F00B572D9 /* watchWeeknum Extension.appex */,
			);
			name = Products;
			sourceTree = "<group>";
		};
		450480011D27E96300844EF4 /* weeknum */ = {
			isa = PBXGroup;
			children = (
				450598D01D293FB500E649F8 /* Utils */,
				4504802F1D28174700844EF4 /* Views */,
				450480281D27FD9A00844EF4 /* Extensions */,
				450480021D27E96300844EF4 /* AppDelegate.swift */,
				450480041D27E96300844EF4 /* ViewController.swift */,
				450480061D27E96300844EF4 /* Main.storyboard */,
				450480091D27E96300844EF4 /* Assets.xcassets */,
				4504800B1D27E96300844EF4 /* LaunchScreen.storyboard */,
				4504800E1D27E96300844EF4 /* Info.plist */,
			);
			path = weeknum;
			sourceTree = "<group>";
		};
		450480161D27E96300844EF4 /* weeknumTests */ = {
			isa = PBXGroup;
			children = (
				450480171D27E96300844EF4 /* weeknumTests.swift */,
				450480191D27E96300844EF4 /* Info.plist */,
			);
			path = weeknumTests;
			sourceTree = "<group>";
		};
		450480281D27FD9A00844EF4 /* Extensions */ = {
			isa = PBXGroup;
			children = (
				450480291D27FDC700844EF4 /* Localized.swift */,
				4504802B1D27FDE400844EF4 /* DateTools.swift */,
				4504802D1D280DF000844EF4 /* Designables.swift */,
			);
			name = Extensions;
			sourceTree = "<group>";
		};
		4504802F1D28174700844EF4 /* Views */ = {
			isa = PBXGroup;
			children = (
				450480301D28178800844EF4 /* DesignableButton.swift */,
			);
			name = Views;
			sourceTree = "<group>";
		};
		450598D01D293FB500E649F8 /* Utils */ = {
			isa = PBXGroup;
			children = (
				450598CE1D293FB000E649F8 /* FormatterUtils.swift */,
			);
			name = Utils;
			sourceTree = "<group>";
		};
		453BD1CB1D28237F00B572D9 /* watchWeeknum */ = {
			isa = PBXGroup;
			children = (
				453BD1CC1D28237F00B572D9 /* Interface.storyboard */,
				453BD1CF1D28237F00B572D9 /* Assets.xcassets */,
				453BD1D11D28237F00B572D9 /* Info.plist */,
			);
			path = watchWeeknum;
			sourceTree = "<group>";
		};
		453BD1DA1D28237F00B572D9 /* watchWeeknum Extension */ = {
			isa = PBXGroup;
			children = (
				453BD1DB1D28237F00B572D9 /* InterfaceController.swift */,
				453BD1DD1D28237F00B572D9 /* ExtensionDelegate.swift */,
				453BD1DF1D28237F00B572D9 /* ComplicationController.swift */,
				453BD1E11D28237F00B572D9 /* Assets.xcassets */,
				453BD1E31D28237F00B572D9 /* Info.plist */,
			);
			path = "watchWeeknum Extension";
			sourceTree = "<group>";
		};
/* End PBXGroup section */

/* Begin PBXNativeTarget section */
		45047FFE1D27E96300844EF4 /* Week# */ = {
			isa = PBXNativeTarget;
			buildConfigurationList = 4504801C1D27E96300844EF4 /* Build configuration list for PBXNativeTarget "Week#" */;
			buildPhases = (
				45047FFB1D27E96300844EF4 /* Sources */,
				45047FFC1D27E96300844EF4 /* Frameworks */,
				45047FFD1D27E96300844EF4 /* Resources */,
				453BD1EE1D28237F00B572D9 /* Embed Watch Content */,
			);
			buildRules = (
			);
			dependencies = (
				453BD1E51D28237F00B572D9 /* PBXTargetDependency */,
			);
			name = "Week#";
			productName = weeknum;
			productReference = 45047FFF1D27E96300844EF4 /* Week#.app */;
			productType = "com.apple.product-type.application";
		};
		450480121D27E96300844EF4 /* weeknumTests */ = {
			isa = PBXNativeTarget;
			buildConfigurationList = 4504801F1D27E96300844EF4 /* Build configuration list for PBXNativeTarget "weeknumTests" */;
			buildPhases = (
				4504800F1D27E96300844EF4 /* Sources */,
				450480101D27E96300844EF4 /* Frameworks */,
				450480111D27E96300844EF4 /* Resources */,
			);
			buildRules = (
			);
			dependencies = (
				450480151D27E96300844EF4 /* PBXTargetDependency */,
			);
			name = weeknumTests;
			productName = weeknumTests;
			productReference = 450480131D27E96300844EF4 /* weeknumTests.xctest */;
			productType = "com.apple.product-type.bundle.unit-test";
		};
		453BD1C91D28237F00B572D9 /* watchWeeknum */ = {
			isa = PBXNativeTarget;
			buildConfigurationList = 453BD1ED1D28237F00B572D9 /* Build configuration list for PBXNativeTarget "watchWeeknum" */;
			buildPhases = (
				453BD1C81D28237F00B572D9 /* Resources */,
				453BD1EC1D28237F00B572D9 /* Embed App Extensions */,
			);
			buildRules = (
			);
			dependencies = (
				453BD1D91D28237F00B572D9 /* PBXTargetDependency */,
			);
			name = watchWeeknum;
			productName = watchWeeknum;
			productReference = 453BD1CA1D28237F00B572D9 /* watchWeeknum.app */;
			productType = "com.apple.product-type.application.watchapp2";
		};
		453BD1D51D28237F00B572D9 /* watchWeeknum Extension */ = {
			isa = PBXNativeTarget;
			buildConfigurationList = 453BD1EB1D28237F00B572D9 /* Build configuration list for PBXNativeTarget "watchWeeknum Extension" */;
			buildPhases = (
				453BD1D21D28237F00B572D9 /* Sources */,
				453BD1D31D28237F00B572D9 /* Frameworks */,
				453BD1D41D28237F00B572D9 /* Resources */,
			);
			buildRules = (
			);
			dependencies = (
			);
			name = "watchWeeknum Extension";
			productName = "watchWeeknum Extension";
			productReference = 453BD1D61D28237F00B572D9 /* watchWeeknum Extension.appex */;
			productType = "com.apple.product-type.watchkit2-extension";
		};
/* End PBXNativeTarget section */

/* Begin PBXProject section */
		45047FF71D27E96200844EF4 /* Project object */ = {
			isa = PBXProject;
			attributes = {
				LastSwiftUpdateCheck = 0730;
				LastUpgradeCheck = 0730;
				ORGANIZATIONNAME = FrostDigital;
				TargetAttributes = {
					45047FFE1D27E96300844EF4 = {
						CreatedOnToolsVersion = 7.3.1;
						DevelopmentTeam = T4EZ537LS6;
					};
					450480121D27E96300844EF4 = {
						CreatedOnToolsVersion = 7.3.1;
						TestTargetID = 45047FFE1D27E96300844EF4;
					};
					453BD1C91D28237F00B572D9 = {
						CreatedOnToolsVersion = 7.3.1;
						DevelopmentTeam = T4EZ537LS6;
					};
					453BD1D51D28237F00B572D9 = {
						CreatedOnToolsVersion = 7.3.1;
						DevelopmentTeam = T4EZ537LS6;
					};
				};
			};
			buildConfigurationList = 45047FFA1D27E96200844EF4 /* Build configuration list for PBXProject "weeknum" */;
			compatibilityVersion = "Xcode 3.2";
			developmentRegion = English;
			hasScannedForEncodings = 0;
			knownRegions = (
				en,
				Base,
			);
			mainGroup = 45047FF61D27E96200844EF4;
			productRefGroup = 450480001D27E96300844EF4 /* Products */;
			projectDirPath = "";
			projectRoot = "";
			targets = (
				45047FFE1D27E96300844EF4 /* Week# */,
				450480121D27E96300844EF4 /* weeknumTests */,
				453BD1C91D28237F00B572D9 /* watchWeeknum */,
				453BD1D51D28237F00B572D9 /* watchWeeknum Extension */,
			);
		};
/* End PBXProject section */

/* Begin PBXResourcesBuildPhase section */
		45047FFD1D27E96300844EF4 /* Resources */ = {
			isa = PBXResourcesBuildPhase;
			buildActionMask = 2147483647;
			files = (
				4504800D1D27E96300844EF4 /* LaunchScreen.storyboard in Resources */,
				4504800A1D27E96300844EF4 /* Assets.xcassets in Resources */,
				450480081D27E96300844EF4 /* Main.storyboard in Resources */,
			);
			runOnlyForDeploymentPostprocessing = 0;
		};
		450480111D27E96300844EF4 /* Resources */ = {
			isa = PBXResourcesBuildPhase;
			buildActionMask = 2147483647;
			files = (
			);
			runOnlyForDeploymentPostprocessing = 0;
		};
		453BD1C81D28237F00B572D9 /* Resources */ = {
			isa = PBXResourcesBuildPhase;
			buildActionMask = 2147483647;
			files = (
				453BD1D01D28237F00B572D9 /* Assets.xcassets in Resources */,
				453BD1CE1D28237F00B572D9 /* Interface.storyboard in Resources */,
			);
			runOnlyForDeploymentPostprocessing = 0;
		};
		453BD1D41D28237F00B572D9 /* Resources */ = {
			isa = PBXResourcesBuildPhase;
			buildActionMask = 2147483647;
			files = (
				453BD1E21D28237F00B572D9 /* Assets.xcassets in Resources */,
			);
			runOnlyForDeploymentPostprocessing = 0;
		};
/* End PBXResourcesBuildPhase section */

/* Begin PBXSourcesBuildPhase section */
		45047FFB1D27E96300844EF4 /* Sources */ = {
			isa = PBXSourcesBuildPhase;
			buildActionMask = 2147483647;
			files = (
				4504802C1D27FDE400844EF4 /* DateTools.swift in Sources */,
				4504802E1D280DF000844EF4 /* Designables.swift in Sources */,
				450480051D27E96300844EF4 /* ViewController.swift in Sources */,
				450598CF1D293FB000E649F8 /* FormatterUtils.swift in Sources */,
				4504802A1D27FDC700844EF4 /* Localized.swift in Sources */,
				450480031D27E96300844EF4 /* AppDelegate.swift in Sources */,
				450480311D28178800844EF4 /* DesignableButton.swift in Sources */,
			);
			runOnlyForDeploymentPostprocessing = 0;
		};
		4504800F1D27E96300844EF4 /* Sources */ = {
			isa = PBXSourcesBuildPhase;
			buildActionMask = 2147483647;
			files = (
				450480181D27E96300844EF4 /* weeknumTests.swift in Sources */,
			);
			runOnlyForDeploymentPostprocessing = 0;
		};
		453BD1D21D28237F00B572D9 /* Sources */ = {
			isa = PBXSourcesBuildPhase;
			buildActionMask = 2147483647;
			files = (
				453BD1DE1D28237F00B572D9 /* ExtensionDelegate.swift in Sources */,
				453BD1F11D282B0F00B572D9 /* Localized.swift in Sources */,
				450598D11D294B1C00E649F8 /* FormatterUtils.swift in Sources */,
				453BD1EF1D28290B00B572D9 /* DateTools.swift in Sources */,
				453BD1DC1D28237F00B572D9 /* InterfaceController.swift in Sources */,
				453BD1E01D28237F00B572D9 /* ComplicationController.swift in Sources */,
			);
			runOnlyForDeploymentPostprocessing = 0;
		};
/* End PBXSourcesBuildPhase section */

/* Begin PBXTargetDependency section */
		450480151D27E96300844EF4 /* PBXTargetDependency */ = {
			isa = PBXTargetDependency;
			target = 45047FFE1D27E96300844EF4 /* Week# */;
			targetProxy = 450480141D27E96300844EF4 /* PBXContainerItemProxy */;
		};
		453BD1D91D28237F00B572D9 /* PBXTargetDependency */ = {
			isa = PBXTargetDependency;
			target = 453BD1D51D28237F00B572D9 /* watchWeeknum Extension */;
			targetProxy = 453BD1D81D28237F00B572D9 /* PBXContainerItemProxy */;
		};
		453BD1E51D28237F00B572D9 /* PBXTargetDependency */ = {
			isa = PBXTargetDependency;
			target = 453BD1C91D28237F00B572D9 /* watchWeeknum */;
			targetProxy = 453BD1E41D28237F00B572D9 /* PBXContainerItemProxy */;
		};
/* End PBXTargetDependency section */

/* Begin PBXVariantGroup section */
		450480061D27E96300844EF4 /* Main.storyboard */ = {
			isa = PBXVariantGroup;
			children = (
				450480071D27E96300844EF4 /* Base */,
			);
			name = Main.storyboard;
			sourceTree = "<group>";
		};
		4504800B1D27E96300844EF4 /* LaunchScreen.storyboard */ = {
			isa = PBXVariantGroup;
			children = (
				4504800C1D27E96300844EF4 /* Base */,
			);
			name = LaunchScreen.storyboard;
			sourceTree = "<group>";
		};
		453BD1CC1D28237F00B572D9 /* Interface.storyboard */ = {
			isa = PBXVariantGroup;
			children = (
				453BD1CD1D28237F00B572D9 /* Base */,
			);
			name = Interface.storyboard;
			sourceTree = "<group>";
		};
/* End PBXVariantGroup section */

/* Begin XCBuildConfiguration section */
		4504801A1D27E96300844EF4 /* Debug */ = {
			isa = XCBuildConfiguration;
			buildSettings = {
				ALWAYS_SEARCH_USER_PATHS = NO;
				CLANG_ANALYZER_NONNULL = YES;
				CLANG_CXX_LANGUAGE_STANDARD = "gnu++0x";
				CLANG_CXX_LIBRARY = "libc++";
				CLANG_ENABLE_MODULES = YES;
				CLANG_ENABLE_OBJC_ARC = YES;
				CLANG_WARN_BOOL_CONVERSION = YES;
				CLANG_WARN_CONSTANT_CONVERSION = YES;
				CLANG_WARN_DIRECT_OBJC_ISA_USAGE = YES_ERROR;
				CLANG_WARN_EMPTY_BODY = YES;
				CLANG_WARN_ENUM_CONVERSION = YES;
				CLANG_WARN_INT_CONVERSION = YES;
				CLANG_WARN_OBJC_ROOT_CLASS = YES_ERROR;
				CLANG_WARN_UNREACHABLE_CODE = YES;
				CLANG_WARN__DUPLICATE_METHOD_MATCH = YES;
				"CODE_SIGN_IDENTITY[sdk=iphoneos*]" = "iPhone Developer";
				COPY_PHASE_STRIP = NO;
				DEBUG_INFORMATION_FORMAT = dwarf;
				ENABLE_STRICT_OBJC_MSGSEND = YES;
				ENABLE_TESTABILITY = YES;
				GCC_C_LANGUAGE_STANDARD = gnu99;
				GCC_DYNAMIC_NO_PIC = NO;
				GCC_NO_COMMON_BLOCKS = YES;
				GCC_OPTIMIZATION_LEVEL = 0;
				GCC_PREPROCESSOR_DEFINITIONS = (
					"DEBUG=1",
					"$(inherited)",
				);
				GCC_WARN_64_TO_32_BIT_CONVERSION = YES;
				GCC_WARN_ABOUT_RETURN_TYPE = YES_ERROR;
				GCC_WARN_UNDECLARED_SELECTOR = YES;
				GCC_WARN_UNINITIALIZED_AUTOS = YES_AGGRESSIVE;
				GCC_WARN_UNUSED_FUNCTION = YES;
				GCC_WARN_UNUSED_VARIABLE = YES;
				IPHONEOS_DEPLOYMENT_TARGET = 9.3;
				MTL_ENABLE_DEBUG_INFO = YES;
				ONLY_ACTIVE_ARCH = YES;
				SDKROOT = iphoneos;
				STRIP_BITCODE_FROM_COPIED_FILES = NO;
				SWIFT_OPTIMIZATION_LEVEL = "-Onone";
			};
			name = Debug;
		};
		4504801B1D27E96300844EF4 /* Release */ = {
			isa = XCBuildConfiguration;
			buildSettings = {
				ALWAYS_SEARCH_USER_PATHS = NO;
				CLANG_ANALYZER_NONNULL = YES;
				CLANG_CXX_LANGUAGE_STANDARD = "gnu++0x";
				CLANG_CXX_LIBRARY = "libc++";
				CLANG_ENABLE_MODULES = YES;
				CLANG_ENABLE_OBJC_ARC = YES;
				CLANG_WARN_BOOL_CONVERSION = YES;
				CLANG_WARN_CONSTANT_CONVERSION = YES;
				CLANG_WARN_DIRECT_OBJC_ISA_USAGE = YES_ERROR;
				CLANG_WARN_EMPTY_BODY = YES;
				CLANG_WARN_ENUM_CONVERSION = YES;
				CLANG_WARN_INT_CONVERSION = YES;
				CLANG_WARN_OBJC_ROOT_CLASS = YES_ERROR;
				CLANG_WARN_UNREACHABLE_CODE = YES;
				CLANG_WARN__DUPLICATE_METHOD_MATCH = YES;
				"CODE_SIGN_IDENTITY[sdk=iphoneos*]" = "iPhone Developer";
				COPY_PHASE_STRIP = NO;
				DEBUG_INFORMATION_FORMAT = "dwarf-with-dsym";
				ENABLE_NS_ASSERTIONS = NO;
				ENABLE_STRICT_OBJC_MSGSEND = YES;
				GCC_C_LANGUAGE_STANDARD = gnu99;
				GCC_NO_COMMON_BLOCKS = YES;
				GCC_WARN_64_TO_32_BIT_CONVERSION = YES;
				GCC_WARN_ABOUT_RETURN_TYPE = YES_ERROR;
				GCC_WARN_UNDECLARED_SELECTOR = YES;
				GCC_WARN_UNINITIALIZED_AUTOS = YES_AGGRESSIVE;
				GCC_WARN_UNUSED_FUNCTION = YES;
				GCC_WARN_UNUSED_VARIABLE = YES;
				IPHONEOS_DEPLOYMENT_TARGET = 9.3;
				MTL_ENABLE_DEBUG_INFO = NO;
				SDKROOT = iphoneos;
				STRIP_BITCODE_FROM_COPIED_FILES = NO;
				VALIDATE_PRODUCT = YES;
			};
			name = Release;
		};
		4504801D1D27E96300844EF4 /* Debug */ = {
			isa = XCBuildConfiguration;
			buildSettings = {
				ASSETCATALOG_COMPILER_APPICON_NAME = AppIcon;
				CODE_SIGN_IDENTITY = "iPhone Developer";
				INFOPLIST_FILE = weeknum/Info.plist;
				LD_RUNPATH_SEARCH_PATHS = "$(inherited) @executable_path/Frameworks";
				PRODUCT_BUNDLE_IDENTIFIER = se.frostdigital.weeknum;
				PRODUCT_NAME = "$(TARGET_NAME)";
			};
			name = Debug;
		};
		4504801E1D27E96300844EF4 /* Release */ = {
			isa = XCBuildConfiguration;
			buildSettings = {
				ASSETCATALOG_COMPILER_APPICON_NAME = AppIcon;
				CODE_SIGN_IDENTITY = "iPhone Developer";
				INFOPLIST_FILE = weeknum/Info.plist;
				LD_RUNPATH_SEARCH_PATHS = "$(inherited) @executable_path/Frameworks";
				PRODUCT_BUNDLE_IDENTIFIER = se.frostdigital.weeknum;
				PRODUCT_NAME = "$(TARGET_NAME)";
			};
			name = Release;
		};
		450480201D27E96300844EF4 /* Debug */ = {
			isa = XCBuildConfiguration;
			buildSettings = {
				BUNDLE_LOADER = "$(TEST_HOST)";
				INFOPLIST_FILE = weeknumTests/Info.plist;
				LD_RUNPATH_SEARCH_PATHS = "$(inherited) @executable_path/Frameworks @loader_path/Frameworks";
				PRODUCT_BUNDLE_IDENTIFIER = se.frostdigital.weeknumTests;
				PRODUCT_NAME = "$(TARGET_NAME)";
				TEST_HOST = "$(BUILT_PRODUCTS_DIR)/weeknum.app/weeknum";
			};
			name = Debug;
		};
		450480211D27E96300844EF4 /* Release */ = {
			isa = XCBuildConfiguration;
			buildSettings = {
				BUNDLE_LOADER = "$(TEST_HOST)";
				INFOPLIST_FILE = weeknumTests/Info.plist;
				LD_RUNPATH_SEARCH_PATHS = "$(inherited) @executable_path/Frameworks @loader_path/Frameworks";
				PRODUCT_BUNDLE_IDENTIFIER = se.frostdigital.weeknumTests;
				PRODUCT_NAME = "$(TARGET_NAME)";
				TEST_HOST = "$(BUILT_PRODUCTS_DIR)/weeknum.app/weeknum";
			};
			name = Release;
		};
		453BD1E71D28237F00B572D9 /* Debug */ = {
			isa = XCBuildConfiguration;
			buildSettings = {
				ASSETCATALOG_COMPILER_APPICON_NAME = AppIcon;
				CODE_SIGN_IDENTITY = "iPhone Developer";
				EMBEDDED_CONTENT_CONTAINS_SWIFT = YES;
				IBSC_MODULE = watchWeeknum_Extension;
				INFOPLIST_FILE = watchWeeknum/Info.plist;
				PRODUCT_BUNDLE_IDENTIFIER = se.frostdigital.weeknum.watchkitapp;
				PRODUCT_NAME = "$(TARGET_NAME)";
				SDKROOT = watchos;
				SKIP_INSTALL = YES;
				TARGETED_DEVICE_FAMILY = 4;
				WATCHOS_DEPLOYMENT_TARGET = 2.2;
			};
			name = Debug;
		};
		453BD1E81D28237F00B572D9 /* Release */ = {
			isa = XCBuildConfiguration;
			buildSettings = {
				ASSETCATALOG_COMPILER_APPICON_NAME = AppIcon;
				CODE_SIGN_IDENTITY = "iPhone Developer";
				EMBEDDED_CONTENT_CONTAINS_SWIFT = YES;
				IBSC_MODULE = watchWeeknum_Extension;
				INFOPLIST_FILE = watchWeeknum/Info.plist;
				PRODUCT_BUNDLE_IDENTIFIER = se.frostdigital.weeknum.watchkitapp;
				PRODUCT_NAME = "$(TARGET_NAME)";
				SDKROOT = watchos;
				SKIP_INSTALL = YES;
				TARGETED_DEVICE_FAMILY = 4;
				WATCHOS_DEPLOYMENT_TARGET = 2.2;
			};
			name = Release;
		};
		453BD1E91D28237F00B572D9 /* Debug */ = {
			isa = XCBuildConfiguration;
			buildSettings = {
				ASSETCATALOG_COMPILER_COMPLICATION_NAME = Complication;
				CODE_SIGN_IDENTITY = "iPhone Developer";
				INFOPLIST_FILE = "watchWeeknum Extension/Info.plist";
				LD_RUNPATH_SEARCH_PATHS = "$(inherited) @executable_path/Frameworks @executable_path/../../Frameworks";
				PRODUCT_BUNDLE_IDENTIFIER = se.frostdigital.weeknum.watchkitapp.watchkitextension;
				PRODUCT_NAME = "${TARGET_NAME}";
				SDKROOT = watchos;
				SKIP_INSTALL = YES;
				TARGETED_DEVICE_FAMILY = 4;
				WATCHOS_DEPLOYMENT_TARGET = 2.2;
			};
			name = Debug;
		};
		453BD1EA1D28237F00B572D9 /* Release */ = {
			isa = XCBuildConfiguration;
			buildSettings = {
				ASSETCATALOG_COMPILER_COMPLICATION_NAME = Complication;
				CODE_SIGN_IDENTITY = "iPhone Developer";
				INFOPLIST_FILE = "watchWeeknum Extension/Info.plist";
				LD_RUNPATH_SEARCH_PATHS = "$(inherited) @executable_path/Frameworks @executable_path/../../Frameworks";
				PRODUCT_BUNDLE_IDENTIFIER = se.frostdigital.weeknum.watchkitapp.watchkitextension;
				PRODUCT_NAME = "${TARGET_NAME}";
				SDKROOT = watchos;
				SKIP_INSTALL = YES;
				TARGETED_DEVICE_FAMILY = 4;
				WATCHOS_DEPLOYMENT_TARGET = 2.2;
			};
			name = Release;
		};
/* End XCBuildConfiguration section */

/* Begin XCConfigurationList section */
		45047FFA1D27E96200844EF4 /* Build configuration list for PBXProject "weeknum" */ = {
			isa = XCConfigurationList;
			buildConfigurations = (
				4504801A1D27E96300844EF4 /* Debug */,
				4504801B1D27E96300844EF4 /* Release */,
			);
			defaultConfigurationIsVisible = 0;
			defaultConfigurationName = Release;
		};
		4504801C1D27E96300844EF4 /* Build configuration list for PBXNativeTarget "Week#" */ = {
			isa = XCConfigurationList;
			buildConfigurations = (
				4504801D1D27E96300844EF4 /* Debug */,
				4504801E1D27E96300844EF4 /* Release */,
			);
			defaultConfigurationIsVisible = 0;
			defaultConfigurationName = Release;
		};
		4504801F1D27E96300844EF4 /* Build configuration list for PBXNativeTarget "weeknumTests" */ = {
			isa = XCConfigurationList;
			buildConfigurations = (
				450480201D27E96300844EF4 /* Debug */,
				450480211D27E96300844EF4 /* Release */,
			);
			defaultConfigurationIsVisible = 0;
			defaultConfigurationName = Release;
		};
		453BD1EB1D28237F00B572D9 /* Build configuration list for PBXNativeTarget "watchWeeknum Extension" */ = {
			isa = XCConfigurationList;
			buildConfigurations = (
				453BD1E91D28237F00B572D9 /* Debug */,
				453BD1EA1D28237F00B572D9 /* Release */,
			);
			defaultConfigurationIsVisible = 0;
			defaultConfigurationName = Release;
		};
		453BD1ED1D28237F00B572D9 /* Build configuration list for PBXNativeTarget "watchWeeknum" */ = {
			isa = XCConfigurationList;
			buildConfigurations = (
				453BD1E71D28237F00B572D9 /* Debug */,
				453BD1E81D28237F00B572D9 /* Release */,
			);
			defaultConfigurationIsVisible = 0;
			defaultConfigurationName = Release;
		};
/* End XCConfigurationList section */
	};
	rootObject = 45047FF71D27E96200844EF4 /* Project object */;
}
